
Microsoft Visual Studio Solution File, Format Version 12.00
# Visual Studio Version 16
VisualStudioVersion = 16.0.32901.82
MinimumVisualStudioVersion = 10.0.40219.1
Project("{9A19103F-16F7-4668-BE54-9A1E7A4F7556}") = "MovieAPI", "MovieAPI\MovieAPI.csproj", "{93BD8B5B-6BFA-4571-87EE-2E773FDF9613}"
EndProject
Project("{9A19103F-16F7-4668-BE54-9A1E7A4F7556}") = "Proxy", "Proxy\Proxy.csproj", "{93BAA904-5F13-483C-B3BB-5F81328AF8D9}"
EndProject
Project("{9A19103F-16F7-4668-BE54-9A1E7A4F7556}") = "Common", "Common\Common.csproj", "{7179A826-CBEB-4E45-8952-BF74BA61F5CE}"
EndProject
Project("{9A19103F-16F7-4668-BE54-9A1E7A4F7556}") = "DAL", "DLL\DAL.csproj", "{80994344-FF02-4817-92B4-31EAFD8939B4}"
EndProject
Project("{9A19103F-16F7-4668-BE54-9A1E7A4F7556}") = "DataBaseWriter", "DataBaseWriter\DataBaseWriter.csproj", "{17F2A15A-7B94-4AE8-A643-6F7FFA5ECFE9}"
EndProject
Project("{FAE04EC0-301F-11D3-BF4B-00C04F79EFBC}") = "MovieAPI2", "MovieAPI2\MovieAPI2.csproj", "{B291CEE5-6210-48CF-A3BF-73A0D727BA02}"
EndProject
Global
	GlobalSection(SolutionConfigurationPlatforms) = preSolution
		Debug|Any CPU = Debug|Any CPU
		Release|Any CPU = Release|Any CPU
	EndGlobalSection
	GlobalSection(ProjectConfigurationPlatforms) = postSolution
		{93BD8B5B-6BFA-4571-87EE-2E773FDF9613}.Debug|Any CPU.ActiveCfg = Debug|Any CPU
		{93BD8B5B-6BFA-4571-87EE-2E773FDF9613}.Debug|Any CPU.Build.0 = Debug|Any CPU
		{93BD8B5B-6BFA-4571-87EE-2E773FDF9613}.Release|Any CPU.ActiveCfg = Release|Any CPU
		{93BD8B5B-6BFA-4571-87EE-2E773FDF9613}.Release|Any CPU.Build.0 = Release|Any CPU
		{93BAA904-5F13-483C-B3BB-5F81328AF8D9}.Debug|Any CPU.ActiveCfg = Debug|Any CPU
		{93BAA904-5F13-483C-B3BB-5F81328AF8D9}.Debug|Any CPU.Build.0 = Debug|Any CPU
		{93BAA904-5F13-483C-B3BB-5F81328AF8D9}.Release|Any CPU.ActiveCfg = Release|Any CPU
		{93BAA904-5F13-483C-B3BB-5F81328AF8D9}.Release|Any CPU.Build.0 = Release|Any CPU
		{7179A826-CBEB-4E45-8952-BF74BA61F5CE}.Debug|Any CPU.ActiveCfg = Debug|Any CPU
		{7179A826-CBEB-4E45-8952-BF74BA61F5CE}.Debug|Any CPU.Build.0 = Debug|Any CPU
		{7179A826-CBEB-4E45-8952-BF74BA61F5CE}.Release|Any CPU.ActiveCfg = Release|Any CPU
		{7179A826-CBEB-4E45-8952-BF74BA61F5CE}.Release|Any CPU.Build.0 = Release|Any CPU
		{80994344-FF02-4817-92B4-31EAFD8939B4}.Debug|Any CPU.ActiveCfg = Debug|Any CPU
		{80994344-FF02-4817-92B4-31EAFD8939B4}.Debug|Any CPU.Build.0 = Debug|Any CPU
		{80994344-FF02-4817-92B4-31EAFD8939B4}.Release|Any CPU.ActiveCfg = Release|Any CPU
		{80994344-FF02-4817-92B4-31EAFD8939B4}.Release|Any CPU.Build.0 = Release|Any CPU
		{17F2A15A-7B94-4AE8-A643-6F7FFA5ECFE9}.Debug|Any CPU.ActiveCfg = Debug|Any CPU
		{17F2A15A-7B94-4AE8-A643-6F7FFA5ECFE9}.Debug|Any CPU.Build.0 = Debug|Any CPU
		{17F2A15A-7B94-4AE8-A643-6F7FFA5ECFE9}.Release|Any CPU.ActiveCfg = Release|Any CPU
		{17F2A15A-7B94-4AE8-A643-6F7FFA5ECFE9}.Release|Any CPU.Build.0 = Release|Any CPU
		{B291CEE5-6210-48CF-A3BF-73A0D727BA02}.Debug|Any CPU.ActiveCfg = Debug|Any CPU
		{B291CEE5-6210-48CF-A3BF-73A0D727BA02}.Debug|Any CPU.Build.0 = Debug|Any CPU
		{B291CEE5-6210-48CF-A3BF-73A0D727BA02}.Release|Any CPU.ActiveCfg = Release|Any CPU
		{B291CEE5-6210-48CF-A3BF-73A0D727BA02}.Release|Any CPU.Build.0 = Release|Any CPU
	EndGlobalSection
	GlobalSection(SolutionProperties) = preSolution
		HideSolutionNode = FALSE
	EndGlobalSection
	GlobalSection(ExtensibilityGlobals) = postSolution
		SolutionGuid = {989784E8-232B-472A-A155-F7BC957DC59B}
	EndGlobalSection
EndGlobal
